
Microsoft Visual Studio Solution File, Format Version 11.00
# Visual Studio 2010
Project("{FAE04EC0-301F-11D3-BF4B-00C04F79EFBC}") = "SOCIOS", "SOCIOS.csproj", "{17DACE7F-22A4-4D4C-99C8-10BBE4585836}"
EndProject
Project("{FAE04EC0-301F-11D3-BF4B-00C04F79EFBC}") = "ImageResizer", "ImageResizer\ImageResizer\ImageResizer.csproj", "{E660FA4F-B216-46DE-B387-DDE59BBAAFE6}"
EndProject
Project("{FAE04EC0-301F-11D3-BF4B-00C04F79EFBC}") = "Convenios", "Convenios\Convenios\Convenios.csproj", "{E677B1C5-E733-4A31-89B2-A15D43514971}"
EndProject
Project("{FAE04EC0-301F-11D3-BF4B-00C04F79EFBC}") = "Importador", "Importador\Importador.csproj", "{16C6E71A-10D7-4995-8F4C-1DB569429D04}"
EndProject
Project("{FAE04EC0-301F-11D3-BF4B-00C04F79EFBC}") = "Confiteria", "Confiteria\Confiteria.csproj", "{663B9133-5EB9-4B52-AECC-1B67E896D3F8}"
EndProject
Project("{FAE04EC0-301F-11D3-BF4B-00C04F79EFBC}") = "OrientacionSocial", "OrientacionSocial\OrientacionSocial.csproj", "{7087F8D0-45FB-4AE8-A776-C4356C5275E4}"
EndProject
Global
	GlobalSection(SolutionConfigurationPlatforms) = preSolution
		Debug|Any CPU = Debug|Any CPU
		Debug|Mixed Platforms = Debug|Mixed Platforms
		Debug|x86 = Debug|x86
		Release|Any CPU = Release|Any CPU
		Release|Mixed Platforms = Release|Mixed Platforms
		Release|x86 = Release|x86
	EndGlobalSection
	GlobalSection(ProjectConfigurationPlatforms) = postSolution
		{17DACE7F-22A4-4D4C-99C8-10BBE4585836}.Debug|Any CPU.ActiveCfg = Debug|x86
		{17DACE7F-22A4-4D4C-99C8-10BBE4585836}.Debug|Any CPU.Build.0 = Debug|x86
		{17DACE7F-22A4-4D4C-99C8-10BBE4585836}.Debug|Mixed Platforms.ActiveCfg = Debug|x86
		{17DACE7F-22A4-4D4C-99C8-10BBE4585836}.Debug|Mixed Platforms.Build.0 = Debug|x86
		{17DACE7F-22A4-4D4C-99C8-10BBE4585836}.Debug|x86.ActiveCfg = Debug|x86
		{17DACE7F-22A4-4D4C-99C8-10BBE4585836}.Debug|x86.Build.0 = Debug|x86
		{17DACE7F-22A4-4D4C-99C8-10BBE4585836}.Release|Any CPU.ActiveCfg = Release|Any CPU
		{17DACE7F-22A4-4D4C-99C8-10BBE4585836}.Release|Any CPU.Build.0 = Release|Any CPU
		{17DACE7F-22A4-4D4C-99C8-10BBE4585836}.Release|Mixed Platforms.ActiveCfg = Release|Any CPU
		{17DACE7F-22A4-4D4C-99C8-10BBE4585836}.Release|Mixed Platforms.Build.0 = Release|Any CPU
		{17DACE7F-22A4-4D4C-99C8-10BBE4585836}.Release|x86.ActiveCfg = Debug|x86
		{17DACE7F-22A4-4D4C-99C8-10BBE4585836}.Release|x86.Build.0 = Debug|x86
		{E660FA4F-B216-46DE-B387-DDE59BBAAFE6}.Debug|Any CPU.ActiveCfg = Debug|Any CPU
		{E660FA4F-B216-46DE-B387-DDE59BBAAFE6}.Debug|Any CPU.Build.0 = Debug|Any CPU
		{E660FA4F-B216-46DE-B387-DDE59BBAAFE6}.Debug|Mixed Platforms.ActiveCfg = Debug|Any CPU
		{E660FA4F-B216-46DE-B387-DDE59BBAAFE6}.Debug|Mixed Platforms.Build.0 = Debug|Any CPU
		{E660FA4F-B216-46DE-B387-DDE59BBAAFE6}.Debug|x86.ActiveCfg = Debug|Any CPU
		{E660FA4F-B216-46DE-B387-DDE59BBAAFE6}.Release|Any CPU.ActiveCfg = Release|Any CPU
		{E660FA4F-B216-46DE-B387-DDE59BBAAFE6}.Release|Any CPU.Build.0 = Release|Any CPU
		{E660FA4F-B216-46DE-B387-DDE59BBAAFE6}.Release|Mixed Platforms.ActiveCfg = Release|Any CPU
		{E660FA4F-B216-46DE-B387-DDE59BBAAFE6}.Release|Mixed Platforms.Build.0 = Release|Any CPU
		{E660FA4F-B216-46DE-B387-DDE59BBAAFE6}.Release|x86.ActiveCfg = Release|Any CPU
		{E677B1C5-E733-4A31-89B2-A15D43514971}.Debug|Any CPU.ActiveCfg = Debug|x86
		{E677B1C5-E733-4A31-89B2-A15D43514971}.Debug|Mixed Platforms.ActiveCfg = Debug|x86
		{E677B1C5-E733-4A31-89B2-A15D43514971}.Debug|Mixed Platforms.Build.0 = Debug|x86
		{E677B1C5-E733-4A31-89B2-A15D43514971}.Debug|x86.ActiveCfg = Debug|x86
		{E677B1C5-E733-4A31-89B2-A15D43514971}.Debug|x86.Build.0 = Debug|x86
		{E677B1C5-E733-4A31-89B2-A15D43514971}.Release|Any CPU.ActiveCfg = Release|x86
		{E677B1C5-E733-4A31-89B2-A15D43514971}.Release|Mixed Platforms.ActiveCfg = Release|x86
		{E677B1C5-E733-4A31-89B2-A15D43514971}.Release|Mixed Platforms.Build.0 = Release|x86
		{E677B1C5-E733-4A31-89B2-A15D43514971}.Release|x86.ActiveCfg = Release|x86
		{E677B1C5-E733-4A31-89B2-A15D43514971}.Release|x86.Build.0 = Release|x86
		{16C6E71A-10D7-4995-8F4C-1DB569429D04}.Debug|Any CPU.ActiveCfg = Debug|x86
		{16C6E71A-10D7-4995-8F4C-1DB569429D04}.Debug|Mixed Platforms.ActiveCfg = Debug|x86
		{16C6E71A-10D7-4995-8F4C-1DB569429D04}.Debug|Mixed Platforms.Build.0 = Debug|x86
		{16C6E71A-10D7-4995-8F4C-1DB569429D04}.Debug|x86.ActiveCfg = Debug|x86
		{16C6E71A-10D7-4995-8F4C-1DB569429D04}.Debug|x86.Build.0 = Debug|x86
		{16C6E71A-10D7-4995-8F4C-1DB569429D04}.Release|Any CPU.ActiveCfg = Release|x86
		{16C6E71A-10D7-4995-8F4C-1DB569429D04}.Release|Mixed Platforms.ActiveCfg = Release|x86
		{16C6E71A-10D7-4995-8F4C-1DB569429D04}.Release|Mixed Platforms.Build.0 = Release|x86
		{16C6E71A-10D7-4995-8F4C-1DB569429D04}.Release|x86.ActiveCfg = Release|x86
		{16C6E71A-10D7-4995-8F4C-1DB569429D04}.Release|x86.Build.0 = Release|x86
		{663B9133-5EB9-4B52-AECC-1B67E896D3F8}.Debug|Any CPU.ActiveCfg = Debug|x86
		{663B9133-5EB9-4B52-AECC-1B67E896D3F8}.Debug|Mixed Platforms.ActiveCfg = Debug|x86
		{663B9133-5EB9-4B52-AECC-1B67E896D3F8}.Debug|Mixed Platforms.Build.0 = Debug|x86
		{663B9133-5EB9-4B52-AECC-1B67E896D3F8}.Debug|x86.ActiveCfg = Debug|x86
		{663B9133-5EB9-4B52-AECC-1B67E896D3F8}.Debug|x86.Build.0 = Debug|x86
		{663B9133-5EB9-4B52-AECC-1B67E896D3F8}.Release|Any CPU.ActiveCfg = Release|x86
		{663B9133-5EB9-4B52-AECC-1B67E896D3F8}.Release|Mixed Platforms.ActiveCfg = Release|x86
		{663B9133-5EB9-4B52-AECC-1B67E896D3F8}.Release|Mixed Platforms.Build.0 = Release|x86
		{663B9133-5EB9-4B52-AECC-1B67E896D3F8}.Release|x86.ActiveCfg = Release|x86
		{663B9133-5EB9-4B52-AECC-1B67E896D3F8}.Release|x86.Build.0 = Release|x86
		{7087F8D0-45FB-4AE8-A776-C4356C5275E4}.Debug|Any CPU.ActiveCfg = Debug|x86
		{7087F8D0-45FB-4AE8-A776-C4356C5275E4}.Debug|Mixed Platforms.ActiveCfg = Debug|x86
		{7087F8D0-45FB-4AE8-A776-C4356C5275E4}.Debug|Mixed Platforms.Build.0 = Debug|x86
		{7087F8D0-45FB-4AE8-A776-C4356C5275E4}.Debug|x86.ActiveCfg = Debug|x86
		{7087F8D0-45FB-4AE8-A776-C4356C5275E4}.Debug|x86.Build.0 = Debug|x86
		{7087F8D0-45FB-4AE8-A776-C4356C5275E4}.Release|Any CPU.ActiveCfg = Release|x86
		{7087F8D0-45FB-4AE8-A776-C4356C5275E4}.Release|Mixed Platforms.ActiveCfg = Release|x86
		{7087F8D0-45FB-4AE8-A776-C4356C5275E4}.Release|Mixed Platforms.Build.0 = Release|x86
		{7087F8D0-45FB-4AE8-A776-C4356C5275E4}.Release|x86.ActiveCfg = Release|x86
		{7087F8D0-45FB-4AE8-A776-C4356C5275E4}.Release|x86.Build.0 = Release|x86
	EndGlobalSection
	GlobalSection(SolutionProperties) = preSolution
		HideSolutionNode = FALSE
	EndGlobalSection
EndGlobal
