
Microsoft Visual Studio Solution File, Format Version 12.00
# Visual Studio Version 16
VisualStudioVersion = 16.0.29209.62
MinimumVisualStudioVersion = 10.0.40219.1
Project("{FAE04EC0-301F-11D3-BF4B-00C04F79EFBC}") = "SOCIOS", "SOCIOS.csproj", "{17DACE7F-22A4-4D4C-99C8-10BBE4585836}"
EndProject
Project("{FAE04EC0-301F-11D3-BF4B-00C04F79EFBC}") = "ImageResizer", "ImageResizer\ImageResizer\ImageResizer.csproj", "{E660FA4F-B216-46DE-B387-DDE59BBAAFE6}"
EndProject
Project("{FAE04EC0-301F-11D3-BF4B-00C04F79EFBC}") = "Convenios", "Convenios\Convenios\Convenios.csproj", "{E677B1C5-E733-4A31-89B2-A15D43514971}"
EndProject
Project("{FAE04EC0-301F-11D3-BF4B-00C04F79EFBC}") = "Importador", "Importador\Importador.csproj", "{16C6E71A-10D7-4995-8F4C-1DB569429D04}"
EndProject
Project("{FAE04EC0-301F-11D3-BF4B-00C04F79EFBC}") = "OrientacionSocial", "OrientacionSocial\OrientacionSocial.csproj", "{7087F8D0-45FB-4AE8-A776-C4356C5275E4}"
EndProject
Project("{FAE04EC0-301F-11D3-BF4B-00C04F79EFBC}") = "Buffet", "Buffet\Buffet.csproj", "{49A899F5-382F-47D6-B933-8119CF51A5F2}"
EndProject
Project("{FAE04EC0-301F-11D3-BF4B-00C04F79EFBC}") = "Resoluciones_Disp", "Resoluciones_Disp\Resoluciones_Disp.csproj", "{7E58F596-0C38-466A-9C47-74D3C235518F}"
EndProject
Global
	GlobalSection(SolutionConfigurationPlatforms) = preSolution
		Debug|Any CPU = Debug|Any CPU
		Debug|Mixed Platforms = Debug|Mixed Platforms
		Debug|x86 = Debug|x86
		Release|Any CPU = Release|Any CPU
		Release|Mixed Platforms = Release|Mixed Platforms
		Release|x86 = Release|x86
	EndGlobalSection
	GlobalSection(ProjectConfigurationPlatforms) = postSolution
		{17DACE7F-22A4-4D4C-99C8-10BBE4585836}.Debug|Any CPU.ActiveCfg = Debug|x86
		{17DACE7F-22A4-4D4C-99C8-10BBE4585836}.Debug|Any CPU.Build.0 = Debug|x86
		{17DACE7F-22A4-4D4C-99C8-10BBE4585836}.Debug|Mixed Platforms.ActiveCfg = Debug|x86
		{17DACE7F-22A4-4D4C-99C8-10BBE4585836}.Debug|Mixed Platforms.Build.0 = Debug|x86
		{17DACE7F-22A4-4D4C-99C8-10BBE4585836}.Debug|x86.ActiveCfg = Debug|x86
		{17DACE7F-22A4-4D4C-99C8-10BBE4585836}.Debug|x86.Build.0 = Debug|x86
		{17DACE7F-22A4-4D4C-99C8-10BBE4585836}.Release|Any CPU.ActiveCfg = Release|Any CPU
		{17DACE7F-22A4-4D4C-99C8-10BBE4585836}.Release|Any CPU.Build.0 = Release|Any CPU
		{17DACE7F-22A4-4D4C-99C8-10BBE4585836}.Release|Mixed Platforms.ActiveCfg = Release|Any CPU
		{17DACE7F-22A4-4D4C-99C8-10BBE4585836}.Release|Mixed Platforms.Build.0 = Release|Any CPU
		{17DACE7F-22A4-4D4C-99C8-10BBE4585836}.Release|x86.ActiveCfg = Debug|x86
		{17DACE7F-22A4-4D4C-99C8-10BBE4585836}.Release|x86.Build.0 = Debug|x86
		{E660FA4F-B216-46DE-B387-DDE59BBAAFE6}.Debug|Any CPU.ActiveCfg = Debug|Any CPU
		{E660FA4F-B216-46DE-B387-DDE59BBAAFE6}.Debug|Any CPU.Build.0 = Debug|Any CPU
		{E660FA4F-B216-46DE-B387-DDE59BBAAFE6}.Debug|Mixed Platforms.ActiveCfg = Debug|Any CPU
		{E660FA4F-B216-46DE-B387-DDE59BBAAFE6}.Debug|Mixed Platforms.Build.0 = Debug|Any CPU
		{E660FA4F-B216-46DE-B387-DDE59BBAAFE6}.Debug|x86.ActiveCfg = Debug|Any CPU
		{E660FA4F-B216-46DE-B387-DDE59BBAAFE6}.Release|Any CPU.ActiveCfg = Release|Any CPU
		{E660FA4F-B216-46DE-B387-DDE59BBAAFE6}.Release|Any CPU.Build.0 = Release|Any CPU
		{E660FA4F-B216-46DE-B387-DDE59BBAAFE6}.Release|Mixed Platforms.ActiveCfg = Release|Any CPU
		{E660FA4F-B216-46DE-B387-DDE59BBAAFE6}.Release|Mixed Platforms.Build.0 = Release|Any CPU
		{E660FA4F-B216-46DE-B387-DDE59BBAAFE6}.Release|x86.ActiveCfg = Release|Any CPU
		{E677B1C5-E733-4A31-89B2-A15D43514971}.Debug|Any CPU.ActiveCfg = Debug|x86
		{E677B1C5-E733-4A31-89B2-A15D43514971}.Debug|Mixed Platforms.ActiveCfg = Debug|x86
		{E677B1C5-E733-4A31-89B2-A15D43514971}.Debug|Mixed Platforms.Build.0 = Debug|x86
		{E677B1C5-E733-4A31-89B2-A15D43514971}.Debug|x86.ActiveCfg = Debug|x86
		{E677B1C5-E733-4A31-89B2-A15D43514971}.Debug|x86.Build.0 = Debug|x86
		{E677B1C5-E733-4A31-89B2-A15D43514971}.Release|Any CPU.ActiveCfg = Release|x86
		{E677B1C5-E733-4A31-89B2-A15D43514971}.Release|Mixed Platforms.ActiveCfg = Release|x86
		{E677B1C5-E733-4A31-89B2-A15D43514971}.Release|Mixed Platforms.Build.0 = Release|x86
		{E677B1C5-E733-4A31-89B2-A15D43514971}.Release|x86.ActiveCfg = Release|x86
		{E677B1C5-E733-4A31-89B2-A15D43514971}.Release|x86.Build.0 = Release|x86
		{16C6E71A-10D7-4995-8F4C-1DB569429D04}.Debug|Any CPU.ActiveCfg = Debug|x86
		{16C6E71A-10D7-4995-8F4C-1DB569429D04}.Debug|Mixed Platforms.ActiveCfg = Debug|x86
		{16C6E71A-10D7-4995-8F4C-1DB569429D04}.Debug|Mixed Platforms.Build.0 = Debug|x86
		{16C6E71A-10D7-4995-8F4C-1DB569429D04}.Debug|x86.ActiveCfg = Debug|x86
		{16C6E71A-10D7-4995-8F4C-1DB569429D04}.Debug|x86.Build.0 = Debug|x86
		{16C6E71A-10D7-4995-8F4C-1DB569429D04}.Release|Any CPU.ActiveCfg = Release|x86
		{16C6E71A-10D7-4995-8F4C-1DB569429D04}.Release|Mixed Platforms.ActiveCfg = Release|x86
		{16C6E71A-10D7-4995-8F4C-1DB569429D04}.Release|Mixed Platforms.Build.0 = Release|x86
		{16C6E71A-10D7-4995-8F4C-1DB569429D04}.Release|x86.ActiveCfg = Release|x86
		{16C6E71A-10D7-4995-8F4C-1DB569429D04}.Release|x86.Build.0 = Release|x86
		{7087F8D0-45FB-4AE8-A776-C4356C5275E4}.Debug|Any CPU.ActiveCfg = Debug|x86
		{7087F8D0-45FB-4AE8-A776-C4356C5275E4}.Debug|Mixed Platforms.ActiveCfg = Debug|x86
		{7087F8D0-45FB-4AE8-A776-C4356C5275E4}.Debug|Mixed Platforms.Build.0 = Debug|x86
		{7087F8D0-45FB-4AE8-A776-C4356C5275E4}.Debug|x86.ActiveCfg = Debug|x86
		{7087F8D0-45FB-4AE8-A776-C4356C5275E4}.Debug|x86.Build.0 = Debug|x86
		{7087F8D0-45FB-4AE8-A776-C4356C5275E4}.Release|Any CPU.ActiveCfg = Release|x86
		{7087F8D0-45FB-4AE8-A776-C4356C5275E4}.Release|Mixed Platforms.ActiveCfg = Release|x86
		{7087F8D0-45FB-4AE8-A776-C4356C5275E4}.Release|Mixed Platforms.Build.0 = Release|x86
		{7087F8D0-45FB-4AE8-A776-C4356C5275E4}.Release|x86.ActiveCfg = Release|x86
		{7087F8D0-45FB-4AE8-A776-C4356C5275E4}.Release|x86.Build.0 = Release|x86
		{49A899F5-382F-47D6-B933-8119CF51A5F2}.Debug|Any CPU.ActiveCfg = Debug|Any CPU
		{49A899F5-382F-47D6-B933-8119CF51A5F2}.Debug|Any CPU.Build.0 = Debug|Any CPU
		{49A899F5-382F-47D6-B933-8119CF51A5F2}.Debug|Mixed Platforms.ActiveCfg = Debug|Any CPU
		{49A899F5-382F-47D6-B933-8119CF51A5F2}.Debug|Mixed Platforms.Build.0 = Debug|Any CPU
		{49A899F5-382F-47D6-B933-8119CF51A5F2}.Debug|x86.ActiveCfg = Debug|Any CPU
		{49A899F5-382F-47D6-B933-8119CF51A5F2}.Debug|x86.Build.0 = Debug|Any CPU
		{49A899F5-382F-47D6-B933-8119CF51A5F2}.Release|Any CPU.ActiveCfg = Release|Any CPU
		{49A899F5-382F-47D6-B933-8119CF51A5F2}.Release|Any CPU.Build.0 = Release|Any CPU
		{49A899F5-382F-47D6-B933-8119CF51A5F2}.Release|Mixed Platforms.ActiveCfg = Release|Any CPU
		{49A899F5-382F-47D6-B933-8119CF51A5F2}.Release|Mixed Platforms.Build.0 = Release|Any CPU
		{49A899F5-382F-47D6-B933-8119CF51A5F2}.Release|x86.ActiveCfg = Release|Any CPU
		{49A899F5-382F-47D6-B933-8119CF51A5F2}.Release|x86.Build.0 = Release|Any CPU
		{7E58F596-0C38-466A-9C47-74D3C235518F}.Debug|Any CPU.ActiveCfg = Debug|Any CPU
		{7E58F596-0C38-466A-9C47-74D3C235518F}.Debug|Any CPU.Build.0 = Debug|Any CPU
		{7E58F596-0C38-466A-9C47-74D3C235518F}.Debug|Mixed Platforms.ActiveCfg = Debug|Any CPU
		{7E58F596-0C38-466A-9C47-74D3C235518F}.Debug|Mixed Platforms.Build.0 = Debug|Any CPU
		{7E58F596-0C38-466A-9C47-74D3C235518F}.Debug|x86.ActiveCfg = Debug|Any CPU
		{7E58F596-0C38-466A-9C47-74D3C235518F}.Debug|x86.Build.0 = Debug|Any CPU
		{7E58F596-0C38-466A-9C47-74D3C235518F}.Release|Any CPU.ActiveCfg = Release|Any CPU
		{7E58F596-0C38-466A-9C47-74D3C235518F}.Release|Any CPU.Build.0 = Release|Any CPU
		{7E58F596-0C38-466A-9C47-74D3C235518F}.Release|Mixed Platforms.ActiveCfg = Release|Any CPU
		{7E58F596-0C38-466A-9C47-74D3C235518F}.Release|Mixed Platforms.Build.0 = Release|Any CPU
		{7E58F596-0C38-466A-9C47-74D3C235518F}.Release|x86.ActiveCfg = Release|Any CPU
		{7E58F596-0C38-466A-9C47-74D3C235518F}.Release|x86.Build.0 = Release|Any CPU
	EndGlobalSection
	GlobalSection(SolutionProperties) = preSolution
		HideSolutionNode = FALSE
	EndGlobalSection
	GlobalSection(ExtensibilityGlobals) = postSolution
		SolutionGuid = {D08699EC-7DC8-4DB3-AC0F-2C2005908AA2}
	EndGlobalSection
EndGlobal
